<Solution>
  <Project Path="../../LMS.Application/LMS.Application/LMS.Application.csproj" />
  <Project Path="../../LMS.Domain/LMS.Domain/LMS.Domain.csproj" />
  <Project Path="../../LMS.Infrastructure/LMS.Infrastructure/LMS.Infrastructure.csproj" />
  <Project Path="LibraryManagementSystem.csproj" />
</Solution>
